
Microsoft Visual Studio Solution File, Format Version 12.00
# Visual Studio Version 16
VisualStudioVersion = 16.0.31321.278
MinimumVisualStudioVersion = 10.0.40219.1
Project("{FAE04EC0-301F-11D3-BF4B-00C04F79EFBC}") = "Operatros_Livingston_Stephen", "Operatros_Livingston_Stephen\Operatros_Livingston_Stephen.csproj", "{C949C226-C442-41BC-B730-13B79D2EEFBE}"
EndProject
Global
	GlobalSection(SolutionConfigurationPlatforms) = preSolution
		Debug|Any CPU = Debug|Any CPU
		Release|Any CPU = Release|Any CPU
	EndGlobalSection
	GlobalSection(ProjectConfigurationPlatforms) = postSolution
		{C949C226-C442-41BC-B730-13B79D2EEFBE}.Debug|Any CPU.ActiveCfg = Debug|Any CPU
		{C949C226-C442-41BC-B730-13B79D2EEFBE}.Debug|Any CPU.Build.0 = Debug|Any CPU
		{C949C226-C442-41BC-B730-13B79D2EEFBE}.Release|Any CPU.ActiveCfg = Release|Any CPU
		{C949C226-C442-41BC-B730-13B79D2EEFBE}.Release|Any CPU.Build.0 = Release|Any CPU
	EndGlobalSection
	GlobalSection(SolutionProperties) = preSolution
		HideSolutionNode = FALSE
	EndGlobalSection
	GlobalSection(ExtensibilityGlobals) = postSolution
		SolutionGuid = {1EA3D69C-6E07-44F2-8C5A-0410C64B9E41}
	EndGlobalSection
EndGlobal
